// !$*UTF8*$!
{
	archiveVersion = 1;
	classes = {
	};
	objectVersion = 46;
	objects = {

/* Begin PBXBuildFile section */
		CC06EA781F49E9C700781C0E /* AppDelegate.swift in Sources */ = {isa = PBXBuildFile; fileRef = CC06EA771F49E9C700781C0E /* AppDelegate.swift */; };
		CC06EA7A1F49E9C700781C0E /* ViewController.swift in Sources */ = {isa = PBXBuildFile; fileRef = CC06EA791F49E9C700781C0E /* ViewController.swift */; };
		CC06EA7F1F49E9C700781C0E /* Assets.xcassets in Resources */ = {isa = PBXBuildFile; fileRef = CC06EA7E1F49E9C700781C0E /* Assets.xcassets */; };
		CC06EA821F49E9C700781C0E /* LaunchScreen.storyboard in Resources */ = {isa = PBXBuildFile; fileRef = CC06EA801F49E9C700781C0E /* LaunchScreen.storyboard */; };
		CC06EA8E1F49EE6700781C0E /* ViewController.xib in Resources */ = {isa = PBXBuildFile; fileRef = CC06EA8D1F49EE6700781C0E /* ViewController.xib */; };
		CC06EA921F49FED800781C0E /* Suma.m in Sources */ = {isa = PBXBuildFile; fileRef = CC06EA911F49FED800781C0E /* Suma.m */; };
/* End PBXBuildFile section */

/* Begin PBXFileReference section */
		CC06EA741F49E9C700781C0E /* ObjectiveCToSwift.app */ = {isa = PBXFileReference; explicitFileType = wrapper.application; includeInIndex = 0; path = ObjectiveCToSwift.app; sourceTree = BUILT_PRODUCTS_DIR; };
		CC06EA771F49E9C700781C0E /* AppDelegate.swift */ = {isa = PBXFileReference; lastKnownFileType = sourcecode.swift; path = AppDelegate.swift; sourceTree = "<group>"; };
		CC06EA791F49E9C700781C0E /* ViewController.swift */ = {isa = PBXFileReference; lastKnownFileType = sourcecode.swift; path = ViewController.swift; sourceTree = "<group>"; };
		CC06EA7E1F49E9C700781C0E /* Assets.xcassets */ = {isa = PBXFileReference; lastKnownFileType = folder.assetcatalog; path = Assets.xcassets; sourceTree = "<group>"; };
		CC06EA811F49E9C700781C0E /* Base */ = {isa = PBXFileReference; lastKnownFileType = file.storyboard; name = Base; path = Base.lproj/LaunchScreen.storyboard; sourceTree = "<group>"; };
		CC06EA831F49E9C700781C0E /* Info.plist */ = {isa = PBXFileReference; lastKnownFileType = text.plist.xml; path = Info.plist; sourceTree = "<group>"; };
		CC06EA8D1F49EE6700781C0E /* ViewController.xib */ = {isa = PBXFileReference; fileEncoding = 4; lastKnownFileType = file.xib; path = ViewController.xib; sourceTree = "<group>"; };
		CC06EA8F1F49FED800781C0E /* ObjectiveCToSwift-Bridging-Header.h */ = {isa = PBXFileReference; lastKnownFileType = sourcecode.c.h; path = "ObjectiveCToSwift-Bridging-Header.h"; sourceTree = "<group>"; };
		CC06EA901F49FED800781C0E /* Suma.h */ = {isa = PBXFileReference; fileEncoding = 4; lastKnownFileType = sourcecode.c.h; path = Suma.h; sourceTree = "<group>"; };
		CC06EA911F49FED800781C0E /* Suma.m */ = {isa = PBXFileReference; fileEncoding = 4; lastKnownFileType = sourcecode.c.objc; path = Suma.m; sourceTree = "<group>"; };
/* End PBXFileReference section */

/* Begin PBXFrameworksBuildPhase section */
		CC06EA711F49E9C700781C0E /* Frameworks */ = {
			isa = PBXFrameworksBuildPhase;
			buildActionMask = 2147483647;
			files = (
			);
			runOnlyForDeploymentPostprocessing = 0;
		};
/* End PBXFrameworksBuildPhase section */

/* Begin PBXGroup section */
		CC06EA6B1F49E9C700781C0E = {
			isa = PBXGroup;
			children = (
				CC06EA761F49E9C700781C0E /* ObjectiveCToSwift */,
				CC06EA751F49E9C700781C0E /* Products */,
			);
			sourceTree = "<group>";
		};
		CC06EA751F49E9C700781C0E /* Products */ = {
			isa = PBXGroup;
			children = (
				CC06EA741F49E9C700781C0E /* ObjectiveCToSwift.app */,
			);
			name = Products;
			sourceTree = "<group>";
		};
		CC06EA761F49E9C700781C0E /* ObjectiveCToSwift */ = {
			isa = PBXGroup;
			children = (
				CC06EA8B1F49EC7C00781C0E /* Bussiness */,
				CC06EA8A1F49EC7200781C0E /* ViewController */,
				CC06EA891F49EC6700781C0E /* Delegate */,
				CC06EA831F49E9C700781C0E /* Info.plist */,
			);
			path = ObjectiveCToSwift;
			sourceTree = "<group>";
		};
		CC06EA891F49EC6700781C0E /* Delegate */ = {
			isa = PBXGroup;
			children = (
				CC06EA771F49E9C700781C0E /* AppDelegate.swift */,
			);
			name = Delegate;
			sourceTree = "<group>";
		};
		CC06EA8A1F49EC7200781C0E /* ViewController */ = {
			isa = PBXGroup;
			children = (
				CC06EA791F49E9C700781C0E /* ViewController.swift */,
				CC06EA901F49FED800781C0E /* Suma.h */,
				CC06EA911F49FED800781C0E /* Suma.m */,
				CC06EA8F1F49FED800781C0E /* ObjectiveCToSwift-Bridging-Header.h */,
			);
			name = ViewController;
			sourceTree = "<group>";
		};
		CC06EA8B1F49EC7C00781C0E /* Bussiness */ = {
			isa = PBXGroup;
			children = (
				CC06EA8C1F49EE4800781C0E /* Xib */,
				CC06EA7E1F49E9C700781C0E /* Assets.xcassets */,
				CC06EA801F49E9C700781C0E /* LaunchScreen.storyboard */,
			);
			name = Bussiness;
			sourceTree = "<group>";
		};
		CC06EA8C1F49EE4800781C0E /* Xib */ = {
			isa = PBXGroup;
			children = (
				CC06EA8D1F49EE6700781C0E /* ViewController.xib */,
			);
			name = Xib;
			sourceTree = "<group>";
		};
/* End PBXGroup section */

/* Begin PBXNativeTarget section */
		CC06EA731F49E9C700781C0E /* ObjectiveCToSwift */ = {
			isa = PBXNativeTarget;
			buildConfigurationList = CC06EA861F49E9C700781C0E /* Build configuration list for PBXNativeTarget "ObjectiveCToSwift" */;
			buildPhases = (
				CC06EA701F49E9C700781C0E /* Sources */,
				CC06EA711F49E9C700781C0E /* Frameworks */,
				CC06EA721F49E9C700781C0E /* Resources */,
			);
			buildRules = (
			);
			dependencies = (
			);
			name = ObjectiveCToSwift;
			productName = ObjectiveCToSwift;
			productReference = CC06EA741F49E9C700781C0E /* ObjectiveCToSwift.app */;
			productType = "com.apple.product-type.application";
		};
/* End PBXNativeTarget section */

/* Begin PBXProject section */
		CC06EA6C1F49E9C700781C0E /* Project object */ = {
			isa = PBXProject;
			attributes = {
				LastSwiftUpdateCheck = 0830;
				LastUpgradeCheck = 0830;
				ORGANIZATIONNAME = "Erick Alberto Morales Ledesma";
				TargetAttributes = {
					CC06EA731F49E9C700781C0E = {
						CreatedOnToolsVersion = 8.3.3;
						DevelopmentTeam = 87TEAXQ585;
						LastSwiftMigration = 0830;
						ProvisioningStyle = Automatic;
					};
				};
			};
			buildConfigurationList = CC06EA6F1F49E9C700781C0E /* Build configuration list for PBXProject "ObjectiveCToSwift" */;
			compatibilityVersion = "Xcode 3.2";
			developmentRegion = English;
			hasScannedForEncodings = 0;
			knownRegions = (
				en,
				Base,
			);
			mainGroup = CC06EA6B1F49E9C700781C0E;
			productRefGroup = CC06EA751F49E9C700781C0E /* Products */;
			projectDirPath = "";
			projectRoot = "";
			targets = (
				CC06EA731F49E9C700781C0E /* ObjectiveCToSwift */,
			);
		};
/* End PBXProject section */

/* Begin PBXResourcesBuildPhase section */
		CC06EA721F49E9C700781C0E /* Resources */ = {
			isa = PBXResourcesBuildPhase;
			buildActionMask = 2147483647;
			files = (
				CC06EA821F49E9C700781C0E /* LaunchScreen.storyboard in Resources */,
				CC06EA8E1F49EE6700781C0E /* ViewController.xib in Resources */,
				CC06EA7F1F49E9C700781C0E /* Assets.xcassets in Resources */,
			);
			runOnlyForDeploymentPostprocessing = 0;
		};
/* End PBXResourcesBuildPhase section */

/* Begin PBXSourcesBuildPhase section */
		CC06EA701F49E9C700781C0E /* Sources */ = {
			isa = PBXSourcesBuildPhase;
			buildActionMask = 2147483647;
			files = (
				CC06EA7A1F49E9C700781C0E /* ViewController.swift in Sources */,
				CC06EA781F49E9C700781C0E /* AppDelegate.swift in Sources */,
				CC06EA921F49FED800781C0E /* Suma.m in Sources */,
			);
			runOnlyForDeploymentPostprocessing = 0;
		};
/* End PBXSourcesBuildPhase section */

/* Begin PBXVariantGroup section */
		CC06EA801F49E9C700781C0E /* LaunchScreen.storyboard */ = {
			isa = PBXVariantGroup;
			children = (
				CC06EA811F49E9C700781C0E /* Base */,
			);
			name = LaunchScreen.storyboard;
			sourceTree = "<group>";
		};
/* End PBXVariantGroup section */

/* Begin XCBuildConfiguration section */
		CC06EA841F49E9C700781C0E /* Debug */ = {
			isa = XCBuildConfiguration;
			buildSettings = {
				ALWAYS_SEARCH_USER_PATHS = NO;
				CLANG_ANALYZER_NONNULL = YES;
				CLANG_ANALYZER_NUMBER_OBJECT_CONVERSION = YES_AGGRESSIVE;
				CLANG_CXX_LANGUAGE_STANDARD = "gnu++0x";
				CLANG_CXX_LIBRARY = "libc++";
				CLANG_ENABLE_MODULES = YES;
				CLANG_ENABLE_OBJC_ARC = YES;
				CLANG_WARN_BOOL_CONVERSION = YES;
				CLANG_WARN_CONSTANT_CONVERSION = YES;
				CLANG_WARN_DIRECT_OBJC_ISA_USAGE = YES_ERROR;
				CLANG_WARN_DOCUMENTATION_COMMENTS = YES;
				CLANG_WARN_EMPTY_BODY = YES;
				CLANG_WARN_ENUM_CONVERSION = YES;
				CLANG_WARN_INFINITE_RECURSION = YES;
				CLANG_WARN_INT_CONVERSION = YES;
				CLANG_WARN_OBJC_ROOT_CLASS = YES_ERROR;
				CLANG_WARN_SUSPICIOUS_MOVE = YES;
				CLANG_WARN_UNREACHABLE_CODE = YES;
				CLANG_WARN__DUPLICATE_METHOD_MATCH = YES;
				"CODE_SIGN_IDENTITY[sdk=iphoneos*]" = "iPhone Developer";
				COPY_PHASE_STRIP = NO;
				DEBUG_INFORMATION_FORMAT = dwarf;
				ENABLE_STRICT_OBJC_MSGSEND = YES;
				ENABLE_TESTABILITY = YES;
				GCC_C_LANGUAGE_STANDARD = gnu99;
				GCC_DYNAMIC_NO_PIC = NO;
				GCC_NO_COMMON_BLOCKS = YES;
				GCC_OPTIMIZATION_LEVEL = 0;
				GCC_PREPROCESSOR_DEFINITIONS = (
					"DEBUG=1",
					"$(inherited)",
				);
				GCC_WARN_64_TO_32_BIT_CONVERSION = YES;
				GCC_WARN_ABOUT_RETURN_TYPE = YES_ERROR;
				GCC_WARN_UNDECLARED_SELECTOR = YES;
				GCC_WARN_UNINITIALIZED_AUTOS = YES_AGGRESSIVE;
				GCC_WARN_UNUSED_FUNCTION = YES;
				GCC_WARN_UNUSED_VARIABLE = YES;
				IPHONEOS_DEPLOYMENT_TARGET = 10.3;
				MTL_ENABLE_DEBUG_INFO = YES;
				ONLY_ACTIVE_ARCH = YES;
				SDKROOT = iphoneos;
				SWIFT_ACTIVE_COMPILATION_CONDITIONS = DEBUG;
				SWIFT_OPTIMIZATION_LEVEL = "-Onone";
			};
			name = Debug;
		};
		CC06EA851F49E9C700781C0E /* Release */ = {
			isa = XCBuildConfiguration;
			buildSettings = {
				ALWAYS_SEARCH_USER_PATHS = NO;
				CLANG_ANALYZER_NONNULL = YES;
				CLANG_ANALYZER_NUMBER_OBJECT_CONVERSION = YES_AGGRESSIVE;
				CLANG_CXX_LANGUAGE_STANDARD = "gnu++0x";
				CLANG_CXX_LIBRARY = "libc++";
				CLANG_ENABLE_MODULES = YES;
				CLANG_ENABLE_OBJC_ARC = YES;
				CLANG_WARN_BOOL_CONVERSION = YES;
				CLANG_WARN_CONSTANT_CONVERSION = YES;
				CLANG_WARN_DIRECT_OBJC_ISA_USAGE = YES_ERROR;
				CLANG_WARN_DOCUMENTATION_COMMENTS = YES;
				CLANG_WARN_EMPTY_BODY = YES;
				CLANG_WARN_ENUM_CONVERSION = YES;
				CLANG_WARN_INFINITE_RECURSION = YES;
				CLANG_WARN_INT_CONVERSION = YES;
				CLANG_WARN_OBJC_ROOT_CLASS = YES_ERROR;
				CLANG_WARN_SUSPICIOUS_MOVE = YES;
				CLANG_WARN_UNREACHABLE_CODE = YES;
				CLANG_WARN__DUPLICATE_METHOD_MATCH = YES;
				"CODE_SIGN_IDENTITY[sdk=iphoneos*]" = "iPhone Developer";
				COPY_PHASE_STRIP = NO;
				DEBUG_INFORMATION_FORMAT = "dwarf-with-dsym";
				ENABLE_NS_ASSERTIONS = NO;
				ENABLE_STRICT_OBJC_MSGSEND = YES;
				GCC_C_LANGUAGE_STANDARD = gnu99;
				GCC_NO_COMMON_BLOCKS = YES;
				GCC_WARN_64_TO_32_BIT_CONVERSION = YES;
				GCC_WARN_ABOUT_RETURN_TYPE = YES_ERROR;
				GCC_WARN_UNDECLARED_SELECTOR = YES;
				GCC_WARN_UNINITIALIZED_AUTOS = YES_AGGRESSIVE;
				GCC_WARN_UNUSED_FUNCTION = YES;
				GCC_WARN_UNUSED_VARIABLE = YES;
				IPHONEOS_DEPLOYMENT_TARGET = 10.3;
				MTL_ENABLE_DEBUG_INFO = NO;
				SDKROOT = iphoneos;
				SWIFT_OPTIMIZATION_LEVEL = "-Owholemodule";
				VALIDATE_PRODUCT = YES;
			};
			name = Release;
		};
		CC06EA871F49E9C700781C0E /* Debug */ = {
			isa = XCBuildConfiguration;
			buildSettings = {
				ASSETCATALOG_COMPILER_APPICON_NAME = AppIcon;
				CLANG_ENABLE_MODULES = YES;
				DEVELOPMENT_TEAM = 87TEAXQ585;
				INFOPLIST_FILE = ObjectiveCToSwift/Info.plist;
				LD_RUNPATH_SEARCH_PATHS = "$(inherited) @executable_path/Frameworks";
				PRODUCT_BUNDLE_IDENTIFIER = GTWinalda.ObjectiveCToSwift;
				PRODUCT_NAME = "$(TARGET_NAME)";
				SWIFT_OBJC_BRIDGING_HEADER = "ObjectiveCToSwift/ObjectiveCToSwift-Bridging-Header.h";
				SWIFT_OPTIMIZATION_LEVEL = "-Onone";
				SWIFT_VERSION = 3.0;
			};
			name = Debug;
		};
		CC06EA881F49E9C700781C0E /* Release */ = {
			isa = XCBuildConfiguration;
			buildSettings = {
				ASSETCATALOG_COMPILER_APPICON_NAME = AppIcon;
				CLANG_ENABLE_MODULES = YES;
				DEVELOPMENT_TEAM = 87TEAXQ585;
				INFOPLIST_FILE = ObjectiveCToSwift/Info.plist;
				LD_RUNPATH_SEARCH_PATHS = "$(inherited) @executable_path/Frameworks";
				PRODUCT_BUNDLE_IDENTIFIER = GTWinalda.ObjectiveCToSwift;
				PRODUCT_NAME = "$(TARGET_NAME)";
				SWIFT_OBJC_BRIDGING_HEADER = "ObjectiveCToSwift/ObjectiveCToSwift-Bridging-Header.h";
				SWIFT_VERSION = 3.0;
			};
			name = Release;
		};
/* End XCBuildConfiguration section */

/* Begin XCConfigurationList section */
		CC06EA6F1F49E9C700781C0E /* Build configuration list for PBXProject "ObjectiveCToSwift" */ = {
			isa = XCConfigurationList;
			buildConfigurations = (
				CC06EA841F49E9C700781C0E /* Debug */,
				CC06EA851F49E9C700781C0E /* Release */,
			);
			defaultConfigurationIsVisible = 0;
			defaultConfigurationName = Release;
		};
		CC06EA861F49E9C700781C0E /* Build configuration list for PBXNativeTarget "ObjectiveCToSwift" */ = {
			isa = XCConfigurationList;
			buildConfigurations = (
				CC06EA871F49E9C700781C0E /* Debug */,
				CC06EA881F49E9C700781C0E /* Release */,
			);
			defaultConfigurationIsVisible = 0;
		};
/* End XCConfigurationList section */
	};
	rootObject = CC06EA6C1F49E9C700781C0E /* Project object */;
}
